
Microsoft Visual Studio Solution File, Format Version 12.00
# Visual Studio Version 17
VisualStudioVersion = 17.4.33213.308
MinimumVisualStudioVersion = 10.0.40219.1
Project("{FAE04EC0-301F-11D3-BF4B-00C04F79EFBC}") = "DbankApp", "DbankApp\DbankApp.csproj", "{F743FF34-8C4B-444B-8686-AC1FEF0F8237}"
EndProject
Global
	GlobalSection(SolutionConfigurationPlatforms) = preSolution
		Debug|Any CPU = Debug|Any CPU
		Release|Any CPU = Release|Any CPU
	EndGlobalSection
	GlobalSection(ProjectConfigurationPlatforms) = postSolution
		{F743FF34-8C4B-444B-8686-AC1FEF0F8237}.Debug|Any CPU.ActiveCfg = Debug|Any CPU
		{F743FF34-8C4B-444B-8686-AC1FEF0F8237}.Debug|Any CPU.Build.0 = Debug|Any CPU
		{F743FF34-8C4B-444B-8686-AC1FEF0F8237}.Release|Any CPU.ActiveCfg = Release|Any CPU
		{F743FF34-8C4B-444B-8686-AC1FEF0F8237}.Release|Any CPU.Build.0 = Release|Any CPU
	EndGlobalSection
	GlobalSection(SolutionProperties) = preSolution
		HideSolutionNode = FALSE
	EndGlobalSection
	GlobalSection(ExtensibilityGlobals) = postSolution
		SolutionGuid = {E9EA1801-A55C-4E2A-82F3-1A2C7F161A71}
	EndGlobalSection
EndGlobal
